
Microsoft Visual Studio Solution File, Format Version 12.00
# Visual Studio Version 16
VisualStudioVersion = 16.0.32228.343
MinimumVisualStudioVersion = 10.0.40219.1
Project("{9A19103F-16F7-4668-BE54-9A1E7A4F7556}") = "prancing-bot", "prancing-bot.csproj", "{819A03D6-9796-498A-B4F4-9397D6F6D375}"
EndProject
Global
	GlobalSection(SolutionConfigurationPlatforms) = preSolution
		Debug|Any CPU = Debug|Any CPU
		Release|Any CPU = Release|Any CPU
	EndGlobalSection
	GlobalSection(ProjectConfigurationPlatforms) = postSolution
		{819A03D6-9796-498A-B4F4-9397D6F6D375}.Debug|Any CPU.ActiveCfg = Debug|Any CPU
		{819A03D6-9796-498A-B4F4-9397D6F6D375}.Debug|Any CPU.Build.0 = Debug|Any CPU
		{819A03D6-9796-498A-B4F4-9397D6F6D375}.Release|Any CPU.ActiveCfg = Release|Any CPU
		{819A03D6-9796-498A-B4F4-9397D6F6D375}.Release|Any CPU.Build.0 = Release|Any CPU
	EndGlobalSection
	GlobalSection(SolutionProperties) = preSolution
		HideSolutionNode = FALSE
	EndGlobalSection
	GlobalSection(ExtensibilityGlobals) = postSolution
		SolutionGuid = {F5199D2C-4DA6-452A-A311-35C078E2D645}
	EndGlobalSection
EndGlobal
